PODS:
  - biosensesignal_flutter_sdk (5.11.4):
    - Flutter
  - Flutter (1.0.0)
  - flutter_sound (9.30.0):
    - Flutter
    - flutter_sound_core (= 9.30.0)
  - flutter_sound_core (9.30.0)
  - flutter_webrtc (1.2.0):
    - Flutter
    - WebRTC-SDK (= 137.7151.12)
  - permission_handler_apple (9.3.0):
    - Flutter
  - WebRTC-SDK (137.7151.12)

DEPENDENCIES:
  - biosensesignal_flutter_sdk (from `.symlinks/plugins/biosensesignal_flutter_sdk/ios`)
  - Flutter (from `Flutter`)
  - flutter_sound (from `.symlinks/plugins/flutter_sound/ios`)
  - flutter_webrtc (from `.symlinks/plugins/flutter_webrtc/ios`)
  - permission_handler_apple (from `.symlinks/plugins/permission_handler_apple/ios`)

SPEC REPOS:
  trunk:
    - flutter_sound_core
    - WebRTC-SDK

EXTERNAL SOURCES:
  biosensesignal_flutter_sdk:
    :path: ".symlinks/plugins/biosensesignal_flutter_sdk/ios"
  Flutter:
    :path: Flutter
  flutter_sound:
    :path: ".symlinks/plugins/flutter_sound/ios"
  flutter_webrtc:
    :path: ".symlinks/plugins/flutter_webrtc/ios"
  permission_handler_apple:
    :path: ".symlinks/plugins/permission_handler_apple/ios"

SPEC CHECKSUMS:
  biosensesignal_flutter_sdk: 9ffc0fed02a342f6bd1b0c3f3953ee4109af22f8
  Flutter: cabc95a1d2626b1b06e7179b784ebcf0c0cde467
  flutter_sound: d95194f6476c9ad211d22b3a414d852c12c7ca44
  flutter_sound_core: 7f2626d249d3a57bfa6da892ef7e22d234482c1a
  flutter_webrtc: 7de9a15705f7deede4413924a2f1409d39796ab5
  permission_handler_apple: 4ed2196e43d0651e8ff7ca3483a069d469701f2d
  WebRTC-SDK: 1762e2de812354d27a8407d1b2c532064ec39fce

PODFILE CHECKSUM: 3c63482e143d1b91d2d2560aee9fb04ecc74ac7e

COCOAPODS: 1.16.2
